// !$*UTF8*$!
{
	archiveVersion = 1;
	classes = {
	};
	objectVersion = 77;
	objects = {

/* Begin PBXContainerItemProxy section */
		00C520B22CE43751007C4DBC /* PBXContainerItemProxy */ = {
			isa = PBXContainerItemProxy;
			containerPortal = 00C520932CE4374F007C4DBC /* Project object */;
			proxyType = 1;
			remoteGlobalIDString = 00C5209A2CE4374F007C4DBC;
			remoteInfo = BookOfHours;
		};
		00C520BC2CE43751007C4DBC /* PBXContainerItemProxy */ = {
			isa = PBXContainerItemProxy;
			containerPortal = 00C520932CE4374F007C4DBC /* Project object */;
			proxyType = 1;
			remoteGlobalIDString = 00C5209A2CE4374F007C4DBC;
			remoteInfo = BookOfHours;
		};
/* End PBXContainerItemProxy section */

/* Begin PBXFileReference section */
		00C5209B2CE4374F007C4DBC /* BookOfHours.app */ = {isa = PBXFileReference; explicitFileType = wrapper.application; includeInIndex = 0; path = BookOfHours.app; sourceTree = BUILT_PRODUCTS_DIR; };
		00C520B12CE43751007C4DBC /* BookOfHoursTests.xctest */ = {isa = PBXFileReference; explicitFileType = wrapper.cfbundle; includeInIndex = 0; path = BookOfHoursTests.xctest; sourceTree = BUILT_PRODUCTS_DIR; };
		00C520BB2CE43751007C4DBC /* BookOfHoursUITests.xctest */ = {isa = PBXFileReference; explicitFileType = wrapper.cfbundle; includeInIndex = 0; path = BookOfHoursUITests.xctest; sourceTree = BUILT_PRODUCTS_DIR; };
/* End PBXFileReference section */

/* Begin PBXFileSystemSynchronizedBuildFileExceptionSet section */
		00C520C32CE43751007C4DBC /* Exceptions for "BookOfHours" folder in "BookOfHours" target */ = {
			isa = PBXFileSystemSynchronizedBuildFileExceptionSet;
			membershipExceptions = (
				Info.plist,
			);
			target = 00C5209A2CE4374F007C4DBC /* BookOfHours */;
		};
/* End PBXFileSystemSynchronizedBuildFileExceptionSet section */

/* Begin PBXFileSystemSynchronizedRootGroup section */
		00C5209D2CE4374F007C4DBC /* BookOfHours */ = {
			isa = PBXFileSystemSynchronizedRootGroup;
			exceptions = (
				00C520C32CE43751007C4DBC /* Exceptions for "BookOfHours" folder in "BookOfHours" target */,
			);
			path = BookOfHours;
			sourceTree = "<group>";
		};
		00C520B42CE43751007C4DBC /* BookOfHoursTests */ = {
			isa = PBXFileSystemSynchronizedRootGroup;
			path = BookOfHoursTests;
			sourceTree = "<group>";
		};
		00C520BE2CE43751007C4DBC /* BookOfHoursUITests */ = {
			isa = PBXFileSystemSynchronizedRootGroup;
			path = BookOfHoursUITests;
			sourceTree = "<group>";
		};
/* End PBXFileSystemSynchronizedRootGroup section */

/* Begin PBXFrameworksBuildPhase section */
		00C520982CE4374F007C4DBC /* Frameworks */ = {
			isa = PBXFrameworksBuildPhase;
			buildActionMask = 2147483647;
			files = (
			);
			runOnlyForDeploymentPostprocessing = 0;
		};
		00C520AE2CE43751007C4DBC /* Frameworks */ = {
			isa = PBXFrameworksBuildPhase;
			buildActionMask = 2147483647;
			files = (
			);
			runOnlyForDeploymentPostprocessing = 0;
		};
		00C520B82CE43751007C4DBC /* Frameworks */ = {
			isa = PBXFrameworksBuildPhase;
			buildActionMask = 2147483647;
			files = (
			);
			runOnlyForDeploymentPostprocessing = 0;
		};
/* End PBXFrameworksBuildPhase section */

/* Begin PBXGroup section */
		00C520922CE4374F007C4DBC = {
			isa = PBXGroup;
			children = (
				00C5209D2CE4374F007C4DBC /* BookOfHours */,
				00C520B42CE43751007C4DBC /* BookOfHoursTests */,
				00C520BE2CE43751007C4DBC /* BookOfHoursUITests */,
				00C5209C2CE4374F007C4DBC /* Products */,
			);
			sourceTree = "<group>";
		};
		00C5209C2CE4374F007C4DBC /* Products */ = {
			isa = PBXGroup;
			children = (
				00C5209B2CE4374F007C4DBC /* BookOfHours.app */,
				00C520B12CE43751007C4DBC /* BookOfHoursTests.xctest */,
				00C520BB2CE43751007C4DBC /* BookOfHoursUITests.xctest */,
			);
			name = Products;
			sourceTree = "<group>";
		};
/* End PBXGroup section */

/* Begin PBXNativeTarget section */
		00C5209A2CE4374F007C4DBC /* BookOfHours */ = {
			isa = PBXNativeTarget;
			buildConfigurationList = 00C520C42CE43751007C4DBC /* Build configuration list for PBXNativeTarget "BookOfHours" */;
			buildPhases = (
				00C520972CE4374F007C4DBC /* Sources */,
				00C520982CE4374F007C4DBC /* Frameworks */,
				00C520992CE4374F007C4DBC /* Resources */,
			);
			buildRules = (
			);
			dependencies = (
			);
			fileSystemSynchronizedGroups = (
				00C5209D2CE4374F007C4DBC /* BookOfHours */,
			);
			name = BookOfHours;
			packageProductDependencies = (
			);
			productName = BookOfHours;
			productReference = 00C5209B2CE4374F007C4DBC /* BookOfHours.app */;
			productType = "com.apple.product-type.application";
		};
		00C520B02CE43751007C4DBC /* BookOfHoursTests */ = {
			isa = PBXNativeTarget;
			buildConfigurationList = 00C520C92CE43751007C4DBC /* Build configuration list for PBXNativeTarget "BookOfHoursTests" */;
			buildPhases = (
				00C520AD2CE43751007C4DBC /* Sources */,
				00C520AE2CE43751007C4DBC /* Frameworks */,
				00C520AF2CE43751007C4DBC /* Resources */,
			);
			buildRules = (
			);
			dependencies = (
				00C520B32CE43751007C4DBC /* PBXTargetDependency */,
			);
			fileSystemSynchronizedGroups = (
				00C520B42CE43751007C4DBC /* BookOfHoursTests */,
			);
			name = BookOfHoursTests;
			packageProductDependencies = (
			);
			productName = BookOfHoursTests;
			productReference = 00C520B12CE43751007C4DBC /* BookOfHoursTests.xctest */;
			productType = "com.apple.product-type.bundle.unit-test";
		};
		00C520BA2CE43751007C4DBC /* BookOfHoursUITests */ = {
			isa = PBXNativeTarget;
			buildConfigurationList = 00C520CC2CE43751007C4DBC /* Build configuration list for PBXNativeTarget "BookOfHoursUITests" */;
			buildPhases = (
				00C520B72CE43751007C4DBC /* Sources */,
				00C520B82CE43751007C4DBC /* Frameworks */,
				00C520B92CE43751007C4DBC /* Resources */,
			);
			buildRules = (
			);
			dependencies = (
				00C520BD2CE43751007C4DBC /* PBXTargetDependency */,
			);
			fileSystemSynchronizedGroups = (
				00C520BE2CE43751007C4DBC /* BookOfHoursUITests */,
			);
			name = BookOfHoursUITests;
			packageProductDependencies = (
			);
			productName = BookOfHoursUITests;
			productReference = 00C520BB2CE43751007C4DBC /* BookOfHoursUITests.xctest */;
			productType = "com.apple.product-type.bundle.ui-testing";
		};
/* End PBXNativeTarget section */

/* Begin PBXProject section */
		00C520932CE4374F007C4DBC /* Project object */ = {
			isa = PBXProject;
			attributes = {
				BuildIndependentTargetsInParallel = 1;
				LastSwiftUpdateCheck = 1600;
				LastUpgradeCheck = 1600;
				TargetAttributes = {
					00C5209A2CE4374F007C4DBC = {
						CreatedOnToolsVersion = 16.0;
					};
					00C520B02CE43751007C4DBC = {
						CreatedOnToolsVersion = 16.0;
						TestTargetID = 00C5209A2CE4374F007C4DBC;
					};
					00C520BA2CE43751007C4DBC = {
						CreatedOnToolsVersion = 16.0;
						TestTargetID = 00C5209A2CE4374F007C4DBC;
					};
				};
			};
			buildConfigurationList = 00C520962CE4374F007C4DBC /* Build configuration list for PBXProject "BookOfHours" */;
			developmentRegion = en;
			hasScannedForEncodings = 0;
			knownRegions = (
				en,
				Base,
			);
			mainGroup = 00C520922CE4374F007C4DBC;
			minimizedProjectReferenceProxies = 1;
			preferredProjectObjectVersion = 77;
			productRefGroup = 00C5209C2CE4374F007C4DBC /* Products */;
			projectDirPath = "";
			projectRoot = "";
			targets = (
				00C5209A2CE4374F007C4DBC /* BookOfHours */,
				00C520B02CE43751007C4DBC /* BookOfHoursTests */,
				00C520BA2CE43751007C4DBC /* BookOfHoursUITests */,
			);
		};
/* End PBXProject section */

/* Begin PBXResourcesBuildPhase section */
		00C520992CE4374F007C4DBC /* Resources */ = {
			isa = PBXResourcesBuildPhase;
			buildActionMask = 2147483647;
			files = (
			);
			runOnlyForDeploymentPostprocessing = 0;
		};
		00C520AF2CE43751007C4DBC /* Resources */ = {
			isa = PBXResourcesBuildPhase;
			buildActionMask = 2147483647;
			files = (
			);
			runOnlyForDeploymentPostprocessing = 0;
		};
		00C520B92CE43751007C4DBC /* Resources */ = {
			isa = PBXResourcesBuildPhase;
			buildActionMask = 2147483647;
			files = (
			);
			runOnlyForDeploymentPostprocessing = 0;
		};
/* End PBXResourcesBuildPhase section */

/* Begin PBXSourcesBuildPhase section */
		00C520972CE4374F007C4DBC /* Sources */ = {
			isa = PBXSourcesBuildPhase;
			buildActionMask = 2147483647;
			files = (
			);
			runOnlyForDeploymentPostprocessing = 0;
		};
		00C520AD2CE43751007C4DBC /* Sources */ = {
			isa = PBXSourcesBuildPhase;
			buildActionMask = 2147483647;
			files = (
			);
			runOnlyForDeploymentPostprocessing = 0;
		};
		00C520B72CE43751007C4DBC /* Sources */ = {
			isa = PBXSourcesBuildPhase;
			buildActionMask = 2147483647;
			files = (
			);
			runOnlyForDeploymentPostprocessing = 0;
		};
/* End PBXSourcesBuildPhase section */

/* Begin PBXTargetDependency section */
		00C520B32CE43751007C4DBC /* PBXTargetDependency */ = {
			isa = PBXTargetDependency;
			target = 00C5209A2CE4374F007C4DBC /* BookOfHours */;
			targetProxy = 00C520B22CE43751007C4DBC /* PBXContainerItemProxy */;
		};
		00C520BD2CE43751007C4DBC /* PBXTargetDependency */ = {
			isa = PBXTargetDependency;
			target = 00C5209A2CE4374F007C4DBC /* BookOfHours */;
			targetProxy = 00C520BC2CE43751007C4DBC /* PBXContainerItemProxy */;
		};
/* End PBXTargetDependency section */

/* Begin XCBuildConfiguration section */
		00C520C52CE43751007C4DBC /* Debug */ = {
			isa = XCBuildConfiguration;
			buildSettings = {
				ASSETCATALOG_COMPILER_APPICON_NAME = AppIcon;
				ASSETCATALOG_COMPILER_GLOBAL_ACCENT_COLOR_NAME = AccentColor;
				CODE_SIGN_STYLE = Automatic;
				CURRENT_PROJECT_VERSION = 1;
				DEVELOPMENT_TEAM = 8694MP2DZ2;
				GENERATE_INFOPLIST_FILE = YES;
				INFOPLIST_FILE = BookOfHours/Info.plist;
				INFOPLIST_KEY_CFBundleDisplayName = "Book of Hours";
				INFOPLIST_KEY_LSApplicationCategoryType = "public.app-category.education";
				INFOPLIST_KEY_UIApplicationSupportsIndirectInputEvents = YES;
				INFOPLIST_KEY_UILaunchStoryboardName = LaunchScreen;
				INFOPLIST_KEY_UIMainStoryboardFile = Main;
				INFOPLIST_KEY_UISupportedInterfaceOrientations_iPad = "UIInterfaceOrientationPortrait UIInterfaceOrientationPortraitUpsideDown UIInterfaceOrientationLandscapeLeft UIInterfaceOrientationLandscapeRight";
				INFOPLIST_KEY_UISupportedInterfaceOrientations_iPhone = "UIInterfaceOrientationPortrait UIInterfaceOrientationLandscapeLeft UIInterfaceOrientationLandscapeRight";
				LD_RUNPATH_SEARCH_PATHS = (
					"$(inherited)",
					"@executable_path/Frameworks",
				);
				MARKETING_VERSION = 2.0;
				PRODUCT_BUNDLE_IDENTIFIER = com.kotsf.BookOfHours;
				PRODUCT_NAME = "$(TARGET_NAME)";
				SWIFT_EMIT_LOC_STRINGS = YES;
				SWIFT_VERSION = 5.0;
				TARGETED_DEVICE_FAMILY = "1,2";
			};
			name = Debug;
		};
		00C520C62CE43751007C4DBC /* Release */ = {
			isa = XCBuildConfiguration;
			buildSettings = {
				ASSETCATALOG_COMPILER_APPICON_NAME = AppIcon;
				ASSETCATALOG_COMPILER_GLOBAL_ACCENT_COLOR_NAME = AccentColor;
				CODE_SIGN_STYLE = Automatic;
				CURRENT_PROJECT_VERSION = 1;
				DEVELOPMENT_TEAM = 8694MP2DZ2;
				GENERATE_INFOPLIST_FILE = YES;
				INFOPLIST_FILE = BookOfHours/Info.plist;
				INFOPLIST_KEY_CFBundleDisplayName = "Book of Hours";
				INFOPLIST_KEY_LSApplicationCategoryType = "public.app-category.education";
				INFOPLIST_KEY_UIApplicationSupportsIndirectInputEvents = YES;
				INFOPLIST_KEY_UILaunchStoryboardName = LaunchScreen;
				INFOPLIST_KEY_UIMainStoryboardFile = Main;
				INFOPLIST_KEY_UISupportedInterfaceOrientations_iPad = "UIInterfaceOrientationPortrait UIInterfaceOrientationPortraitUpsideDown UIInterfaceOrientationLandscapeLeft UIInterfaceOrientationLandscapeRight";
				INFOPLIST_KEY_UISupportedInterfaceOrientations_iPhone = "UIInterfaceOrientationPortrait UIInterfaceOrientationLandscapeLeft UIInterfaceOrientationLandscapeRight";
				LD_RUNPATH_SEARCH_PATHS = (
					"$(inherited)",
					"@executable_path/Frameworks",
				);
				MARKETING_VERSION = 2.0;
				PRODUCT_BUNDLE_IDENTIFIER = com.kotsf.BookOfHours;
				PRODUCT_NAME = "$(TARGET_NAME)";
				SWIFT_EMIT_LOC_STRINGS = YES;
				SWIFT_VERSION = 5.0;
				TARGETED_DEVICE_FAMILY = "1,2";
			};
			name = Release;
		};
		00C520C72CE43751007C4DBC /* Debug */ = {
			isa = XCBuildConfiguration;
			buildSettings = {
				ALWAYS_SEARCH_USER_PATHS = NO;
				ASSETCATALOG_COMPILER_GENERATE_SWIFT_ASSET_SYMBOL_EXTENSIONS = YES;
				CLANG_ANALYZER_NONNULL = YES;
				CLANG_ANALYZER_NUMBER_OBJECT_CONVERSION = YES_AGGRESSIVE;
				CLANG_CXX_LANGUAGE_STANDARD = "gnu++20";
				CLANG_ENABLE_MODULES = YES;
				CLANG_ENABLE_OBJC_ARC = YES;
				CLANG_ENABLE_OBJC_WEAK = YES;
				CLANG_WARN_BLOCK_CAPTURE_AUTORELEASING = YES;
				CLANG_WARN_BOOL_CONVERSION = YES;
				CLANG_WARN_COMMA = YES;
				CLANG_WARN_CONSTANT_CONVERSION = YES;
				CLANG_WARN_DEPRECATED_OBJC_IMPLEMENTATIONS = YES;
				CLANG_WARN_DIRECT_OBJC_ISA_USAGE = YES_ERROR;
				CLANG_WARN_DOCUMENTATION_COMMENTS = YES;
				CLANG_WARN_EMPTY_BODY = YES;
				CLANG_WARN_ENUM_CONVERSION = YES;
				CLANG_WARN_INFINITE_RECURSION = YES;
				CLANG_WARN_INT_CONVERSION = YES;
				CLANG_WARN_NON_LITERAL_NULL_CONVERSION = YES;
				CLANG_WARN_OBJC_IMPLICIT_RETAIN_SELF = YES;
				CLANG_WARN_OBJC_LITERAL_CONVERSION = YES;
				CLANG_WARN_OBJC_ROOT_CLASS = YES_ERROR;
				CLANG_WARN_QUOTED_INCLUDE_IN_FRAMEWORK_HEADER = YES;
				CLANG_WARN_RANGE_LOOP_ANALYSIS = YES;
				CLANG_WARN_STRICT_PROTOTYPES = YES;
				CLANG_WARN_SUSPICIOUS_MOVE = YES;
				CLANG_WARN_UNGUARDED_AVAILABILITY = YES_AGGRESSIVE;
				CLANG_WARN_UNREACHABLE_CODE = YES;
				CLANG_WARN__DUPLICATE_METHOD_MATCH = YES;
				COPY_PHASE_STRIP = NO;
				DEBUG_INFORMATION_FORMAT = dwarf;
				ENABLE_STRICT_OBJC_MSGSEND = YES;
				ENABLE_TESTABILITY = YES;
				ENABLE_USER_SCRIPT_SANDBOXING = YES;
				GCC_C_LANGUAGE_STANDARD = gnu17;
				GCC_DYNAMIC_NO_PIC = NO;
				GCC_NO_COMMON_BLOCKS = YES;
				GCC_OPTIMIZATION_LEVEL = 0;
				GCC_PREPROCESSOR_DEFINITIONS = (
					"DEBUG=1",
					"$(inherited)",
				);
				GCC_WARN_64_TO_32_BIT_CONVERSION = YES;
				GCC_WARN_ABOUT_RETURN_TYPE = YES_ERROR;
				GCC_WARN_UNDECLARED_SELECTOR = YES;
				GCC_WARN_UNINITIALIZED_AUTOS = YES_AGGRESSIVE;
				GCC_WARN_UNUSED_FUNCTION = YES;
				GCC_WARN_UNUSED_VARIABLE = YES;
				IPHONEOS_DEPLOYMENT_TARGET = 18.0;
				LOCALIZATION_PREFERS_STRING_CATALOGS = YES;
				MTL_ENABLE_DEBUG_INFO = INCLUDE_SOURCE;
				MTL_FAST_MATH = YES;
				ONLY_ACTIVE_ARCH = YES;
				SDKROOT = iphoneos;
				SWIFT_ACTIVE_COMPILATION_CONDITIONS = "DEBUG $(inherited)";
				SWIFT_OPTIMIZATION_LEVEL = "-Onone";
			};
			name = Debug;
		};
		00C520C82CE43751007C4DBC /* Release */ = {
			isa = XCBuildConfiguration;
			buildSettings = {
				ALWAYS_SEARCH_USER_PATHS = NO;
				ASSETCATALOG_COMPILER_GENERATE_SWIFT_ASSET_SYMBOL_EXTENSIONS = YES;
				CLANG_ANALYZER_NONNULL = YES;
				CLANG_ANALYZER_NUMBER_OBJECT_CONVERSION = YES_AGGRESSIVE;
				CLANG_CXX_LANGUAGE_STANDARD = "gnu++20";
				CLANG_ENABLE_MODULES = YES;
				CLANG_ENABLE_OBJC_ARC = YES;
				CLANG_ENABLE_OBJC_WEAK = YES;
				CLANG_WARN_BLOCK_CAPTURE_AUTORELEASING = YES;
				CLANG_WARN_BOOL_CONVERSION = YES;
				CLANG_WARN_COMMA = YES;
				CLANG_WARN_CONSTANT_CONVERSION = YES;
				CLANG_WARN_DEPRECATED_OBJC_IMPLEMENTATIONS = YES;
				CLANG_WARN_DIRECT_OBJC_ISA_USAGE = YES_ERROR;
				CLANG_WARN_DOCUMENTATION_COMMENTS = YES;
				CLANG_WARN_EMPTY_BODY = YES;
				CLANG_WARN_ENUM_CONVERSION = YES;
				CLANG_WARN_INFINITE_RECURSION = YES;
				CLANG_WARN_INT_CONVERSION = YES;
				CLANG_WARN_NON_LITERAL_NULL_CONVERSION = YES;
				CLANG_WARN_OBJC_IMPLICIT_RETAIN_SELF = YES;
				CLANG_WARN_OBJC_LITERAL_CONVERSION = YES;
				CLANG_WARN_OBJC_ROOT_CLASS = YES_ERROR;
				CLANG_WARN_QUOTED_INCLUDE_IN_FRAMEWORK_HEADER = YES;
				CLANG_WARN_RANGE_LOOP_ANALYSIS = YES;
				CLANG_WARN_STRICT_PROTOTYPES = YES;
				CLANG_WARN_SUSPICIOUS_MOVE = YES;
				CLANG_WARN_UNGUARDED_AVAILABILITY = YES_AGGRESSIVE;
				CLANG_WARN_UNREACHABLE_CODE = YES;
				CLANG_WARN__DUPLICATE_METHOD_MATCH = YES;
				COPY_PHASE_STRIP = NO;
				DEBUG_INFORMATION_FORMAT = "dwarf-with-dsym";
				ENABLE_NS_ASSERTIONS = NO;
				ENABLE_STRICT_OBJC_MSGSEND = YES;
				ENABLE_USER_SCRIPT_SANDBOXING = YES;
				GCC_C_LANGUAGE_STANDARD = gnu17;
				GCC_NO_COMMON_BLOCKS = YES;
				GCC_WARN_64_TO_32_BIT_CONVERSION = YES;
				GCC_WARN_ABOUT_RETURN_TYPE = YES_ERROR;
				GCC_WARN_UNDECLARED_SELECTOR = YES;
				GCC_WARN_UNINITIALIZED_AUTOS = YES_AGGRESSIVE;
				GCC_WARN_UNUSED_FUNCTION = YES;
				GCC_WARN_UNUSED_VARIABLE = YES;
				IPHONEOS_DEPLOYMENT_TARGET = 18.0;
				LOCALIZATION_PREFERS_STRING_CATALOGS = YES;
				MTL_ENABLE_DEBUG_INFO = NO;
				MTL_FAST_MATH = YES;
				SDKROOT = iphoneos;
				SWIFT_COMPILATION_MODE = wholemodule;
				VALIDATE_PRODUCT = YES;
			};
			name = Release;
		};
		00C520CA2CE43751007C4DBC /* Debug */ = {
			isa = XCBuildConfiguration;
			buildSettings = {
				BUNDLE_LOADER = "$(TEST_HOST)";
				CODE_SIGN_STYLE = Automatic;
				CURRENT_PROJECT_VERSION = 1;
				DEVELOPMENT_TEAM = 8694MP2DZ2;
				GENERATE_INFOPLIST_FILE = YES;
				IPHONEOS_DEPLOYMENT_TARGET = 18.0;
				MARKETING_VERSION = 1.0;
				PRODUCT_BUNDLE_IDENTIFIER = com.kotsf.BookOfHoursTests;
				PRODUCT_NAME = "$(TARGET_NAME)";
				SWIFT_EMIT_LOC_STRINGS = NO;
				SWIFT_VERSION = 5.0;
				TARGETED_DEVICE_FAMILY = "1,2";
				TEST_HOST = "$(BUILT_PRODUCTS_DIR)/BookOfHours.app/$(BUNDLE_EXECUTABLE_FOLDER_PATH)/BookOfHours";
			};
			name = Debug;
		};
		00C520CB2CE43751007C4DBC /* Release */ = {
			isa = XCBuildConfiguration;
			buildSettings = {
				BUNDLE_LOADER = "$(TEST_HOST)";
				CODE_SIGN_STYLE = Automatic;
				CURRENT_PROJECT_VERSION = 1;
				DEVELOPMENT_TEAM = 8694MP2DZ2;
				GENERATE_INFOPLIST_FILE = YES;
				IPHONEOS_DEPLOYMENT_TARGET = 18.0;
				MARKETING_VERSION = 1.0;
				PRODUCT_BUNDLE_IDENTIFIER = com.kotsf.BookOfHoursTests;
				PRODUCT_NAME = "$(TARGET_NAME)";
				SWIFT_EMIT_LOC_STRINGS = NO;
				SWIFT_VERSION = 5.0;
				TARGETED_DEVICE_FAMILY = "1,2";
				TEST_HOST = "$(BUILT_PRODUCTS_DIR)/BookOfHours.app/$(BUNDLE_EXECUTABLE_FOLDER_PATH)/BookOfHours";
			};
			name = Release;
		};
		00C520CD2CE43751007C4DBC /* Debug */ = {
			isa = XCBuildConfiguration;
			buildSettings = {
				CODE_SIGN_STYLE = Automatic;
				CURRENT_PROJECT_VERSION = 1;
				DEVELOPMENT_TEAM = 8694MP2DZ2;
				GENERATE_INFOPLIST_FILE = YES;
				MARKETING_VERSION = 1.0;
				PRODUCT_BUNDLE_IDENTIFIER = com.kotsf.BookOfHoursUITests;
				PRODUCT_NAME = "$(TARGET_NAME)";
				SWIFT_EMIT_LOC_STRINGS = NO;
				SWIFT_VERSION = 5.0;
				TARGETED_DEVICE_FAMILY = "1,2";
				TEST_TARGET_NAME = BookOfHours;
			};
			name = Debug;
		};
		00C520CE2CE43751007C4DBC /* Release */ = {
			isa = XCBuildConfiguration;
			buildSettings = {
				CODE_SIGN_STYLE = Automatic;
				CURRENT_PROJECT_VERSION = 1;
				DEVELOPMENT_TEAM = 8694MP2DZ2;
				GENERATE_INFOPLIST_FILE = YES;
				MARKETING_VERSION = 1.0;
				PRODUCT_BUNDLE_IDENTIFIER = com.kotsf.BookOfHoursUITests;
				PRODUCT_NAME = "$(TARGET_NAME)";
				SWIFT_EMIT_LOC_STRINGS = NO;
				SWIFT_VERSION = 5.0;
				TARGETED_DEVICE_FAMILY = "1,2";
				TEST_TARGET_NAME = BookOfHours;
			};
			name = Release;
		};
/* End XCBuildConfiguration section */

/* Begin XCConfigurationList section */
		00C520962CE4374F007C4DBC /* Build configuration list for PBXProject "BookOfHours" */ = {
			isa = XCConfigurationList;
			buildConfigurations = (
				00C520C72CE43751007C4DBC /* Debug */,
				00C520C82CE43751007C4DBC /* Release */,
			);
			defaultConfigurationIsVisible = 0;
			defaultConfigurationName = Release;
		};
		00C520C42CE43751007C4DBC /* Build configuration list for PBXNativeTarget "BookOfHours" */ = {
			isa = XCConfigurationList;
			buildConfigurations = (
				00C520C52CE43751007C4DBC /* Debug */,
				00C520C62CE43751007C4DBC /* Release */,
			);
			defaultConfigurationIsVisible = 0;
			defaultConfigurationName = Release;
		};
		00C520C92CE43751007C4DBC /* Build configuration list for PBXNativeTarget "BookOfHoursTests" */ = {
			isa = XCConfigurationList;
			buildConfigurations = (
				00C520CA2CE43751007C4DBC /* Debug */,
				00C520CB2CE43751007C4DBC /* Release */,
			);
			defaultConfigurationIsVisible = 0;
			defaultConfigurationName = Release;
		};
		00C520CC2CE43751007C4DBC /* Build configuration list for PBXNativeTarget "BookOfHoursUITests" */ = {
			isa = XCConfigurationList;
			buildConfigurations = (
				00C520CD2CE43751007C4DBC /* Debug */,
				00C520CE2CE43751007C4DBC /* Release */,
			);
			defaultConfigurationIsVisible = 0;
			defaultConfigurationName = Release;
		};
/* End XCConfigurationList section */
	};
	rootObject = 00C520932CE4374F007C4DBC /* Project object */;
}
